// !$*UTF8*$!
{
	archiveVersion = 1;
	classes = {
	};
	objectVersion = 46;
	objects = {

/* Begin PBXBuildFile section */
		78B4D538168577C0005F823E /* UIKit.framework in Frameworks */ = {isa = PBXBuildFile; fileRef = 78B4D537168577C0005F823E /* UIKit.framework */; };
		78B4D53A168577C0005F823E /* Foundation.framework in Frameworks */ = {isa = PBXBuildFile; fileRef = 78B4D539168577C0005F823E /* Foundation.framework */; };
		78B4D53C168577C0005F823E /* CoreGraphics.framework in Frameworks */ = {isa = PBXBuildFile; fileRef = 78B4D53B168577C0005F823E /* CoreGraphics.framework */; };
		78B4D542168577C0005F823E /* InfoPlist.strings in Resources */ = {isa = PBXBuildFile; fileRef = 78B4D540168577C0005F823E /* InfoPlist.strings */; };
		78B4D544168577C0005F823E /* main.m in Sources */ = {isa = PBXBuildFile; fileRef = 78B4D543168577C0005F823E /* main.m */; };
		78B4D548168577C0005F823E /* AppDelegate.m in Sources */ = {isa = PBXBuildFile; fileRef = 78B4D547168577C0005F823E /* AppDelegate.m */; };
		78B4D54A168577C0005F823E /* Default.png in Resources */ = {isa = PBXBuildFile; fileRef = 78B4D549168577C0005F823E /* Default.png */; };
		78B4D54C168577C0005F823E /* Default@2x.png in Resources */ = {isa = PBXBuildFile; fileRef = 78B4D54B168577C0005F823E /* Default@2x.png */; };
		78B4D54E168577C0005F823E /* Default-568h@2x.png in Resources */ = {isa = PBXBuildFile; fileRef = 78B4D54D168577C0005F823E /* Default-568h@2x.png */; };
		78B4D551168577C0005F823E /* MainStoryboard_iPhone.storyboard in Resources */ = {isa = PBXBuildFile; fileRef = 78B4D54F168577C0005F823E /* MainStoryboard_iPhone.storyboard */; };
		78B4D554168577C0005F823E /* MainStoryboard_iPad.storyboard in Resources */ = {isa = PBXBuildFile; fileRef = 78B4D552168577C0005F823E /* MainStoryboard_iPad.storyboard */; };
		78B4D557168577C0005F823E /* MasterViewController.m in Sources */ = {isa = PBXBuildFile; fileRef = 78B4D556168577C0005F823E /* MasterViewController.m */; };
		78B4D55A168577C0005F823E /* DetailViewController.m in Sources */ = {isa = PBXBuildFile; fileRef = 78B4D559168577C0005F823E /* DetailViewController.m */; };
		78B4D56916857A0A005F823E /* Burger.m in Sources */ = {isa = PBXBuildFile; fileRef = 78B4D56816857A0A005F823E /* Burger.m */; };
		78B4D56C16857C0E005F823E /* OrderController.m in Sources */ = {isa = PBXBuildFile; fileRef = 78B4D56B16857C0E005F823E /* OrderController.m */; };
		78B4D57816858FD4005F823E /* logo_corral_descarga.png in Resources */ = {isa = PBXBuildFile; fileRef = 78B4D57116858FD4005F823E /* logo_corral_descarga.png */; };
		78B4D57916858FD4005F823E /* bgElCorralContainer.jpg in Resources */ = {isa = PBXBuildFile; fileRef = 78B4D57216858FD4005F823E /* bgElCorralContainer.jpg */; };
		78B4D57A16858FD4005F823E /* bgMenuItemsPic.png in Resources */ = {isa = PBXBuildFile; fileRef = 78B4D57316858FD4005F823E /* bgMenuItemsPic.png */; };
		78B4D57B16858FD4005F823E /* burgerCorral.png in Resources */ = {isa = PBXBuildFile; fileRef = 78B4D57416858FD4005F823E /* burgerCorral.png */; };
		78B4D57C16858FD4005F823E /* background.png in Resources */ = {isa = PBXBuildFile; fileRef = 78B4D57516858FD4005F823E /* background.png */; };
		78B4D57D16858FD4005F823E /* logo_corral_descarga.jpg in Resources */ = {isa = PBXBuildFile; fileRef = 78B4D57616858FD4005F823E /* logo_corral_descarga.jpg */; };
		78B4D57E16858FD4005F823E /* sideordersPapas1.png in Resources */ = {isa = PBXBuildFile; fileRef = 78B4D57716858FD4005F823E /* sideordersPapas1.png */; };
		78B4D58116859C6C005F823E /* AddItemController.m in Sources */ = {isa = PBXBuildFile; fileRef = 78B4D58016859C6C005F823E /* AddItemController.m */; };
/* End PBXBuildFile section */

/* Begin PBXFileReference section */
		78B4D533168577C0005F823E /* corral1.app */ = {isa = PBXFileReference; explicitFileType = wrapper.application; includeInIndex = 0; path = corral1.app; sourceTree = BUILT_PRODUCTS_DIR; };
		78B4D537168577C0005F823E /* UIKit.framework */ = {isa = PBXFileReference; lastKnownFileType = wrapper.framework; name = UIKit.framework; path = System/Library/Frameworks/UIKit.framework; sourceTree = SDKROOT; };
		78B4D539168577C0005F823E /* Foundation.framework */ = {isa = PBXFileReference; lastKnownFileType = wrapper.framework; name = Foundation.framework; path = System/Library/Frameworks/Foundation.framework; sourceTree = SDKROOT; };
		78B4D53B168577C0005F823E /* CoreGraphics.framework */ = {isa = PBXFileReference; lastKnownFileType = wrapper.framework; name = CoreGraphics.framework; path = System/Library/Frameworks/CoreGraphics.framework; sourceTree = SDKROOT; };
		78B4D53F168577C0005F823E /* corral1-Info.plist */ = {isa = PBXFileReference; lastKnownFileType = text.plist.xml; path = "corral1-Info.plist"; sourceTree = "<group>"; };
		78B4D541168577C0005F823E /* en */ = {isa = PBXFileReference; lastKnownFileType = text.plist.strings; name = en; path = en.lproj/InfoPlist.strings; sourceTree = "<group>"; };
		78B4D543168577C0005F823E /* main.m */ = {isa = PBXFileReference; lastKnownFileType = sourcecode.c.objc; path = main.m; sourceTree = "<group>"; };
		78B4D545168577C0005F823E /* corral1-Prefix.pch */ = {isa = PBXFileReference; lastKnownFileType = sourcecode.c.h; path = "corral1-Prefix.pch"; sourceTree = "<group>"; };
		78B4D546168577C0005F823E /* AppDelegate.h */ = {isa = PBXFileReference; lastKnownFileType = sourcecode.c.h; path = AppDelegate.h; sourceTree = "<group>"; };
		78B4D547168577C0005F823E /* AppDelegate.m */ = {isa = PBXFileReference; lastKnownFileType = sourcecode.c.objc; path = AppDelegate.m; sourceTree = "<group>"; };
		78B4D549168577C0005F823E /* Default.png */ = {isa = PBXFileReference; lastKnownFileType = image.png; path = Default.png; sourceTree = "<group>"; };
		78B4D54B168577C0005F823E /* Default@2x.png */ = {isa = PBXFileReference; lastKnownFileType = image.png; path = "Default@2x.png"; sourceTree = "<group>"; };
		78B4D54D168577C0005F823E /* Default-568h@2x.png */ = {isa = PBXFileReference; lastKnownFileType = image.png; path = "Default-568h@2x.png"; sourceTree = "<group>"; };
		78B4D550168577C0005F823E /* en */ = {isa = PBXFileReference; lastKnownFileType = file.storyboard; name = en; path = en.lproj/MainStoryboard_iPhone.storyboard; sourceTree = "<group>"; };
		78B4D553168577C0005F823E /* en */ = {isa = PBXFileReference; lastKnownFileType = file.storyboard; name = en; path = en.lproj/MainStoryboard_iPad.storyboard; sourceTree = "<group>"; };
		78B4D555168577C0005F823E /* MasterViewController.h */ = {isa = PBXFileReference; lastKnownFileType = sourcecode.c.h; path = MasterViewController.h; sourceTree = "<group>"; };
		78B4D556168577C0005F823E /* MasterViewController.m */ = {isa = PBXFileReference; lastKnownFileType = sourcecode.c.objc; path = MasterViewController.m; sourceTree = "<group>"; };
		78B4D558168577C0005F823E /* DetailViewController.h */ = {isa = PBXFileReference; lastKnownFileType = sourcecode.c.h; path = DetailViewController.h; sourceTree = "<group>"; };
		78B4D559168577C0005F823E /* DetailViewController.m */ = {isa = PBXFileReference; lastKnownFileType = sourcecode.c.objc; path = DetailViewController.m; sourceTree = "<group>"; };
		78B4D56716857A0A005F823E /* Burger.h */ = {isa = PBXFileReference; fileEncoding = 4; lastKnownFileType = sourcecode.c.h; path = Burger.h; sourceTree = "<group>"; };
		78B4D56816857A0A005F823E /* Burger.m */ = {isa = PBXFileReference; fileEncoding = 4; lastKnownFileType = sourcecode.c.objc; path = Burger.m; sourceTree = "<group>"; };
		78B4D56A16857C0E005F823E /* OrderController.h */ = {isa = PBXFileReference; fileEncoding = 4; lastKnownFileType = sourcecode.c.h; path = OrderController.h; sourceTree = "<group>"; };
		78B4D56B16857C0E005F823E /* OrderController.m */ = {isa = PBXFileReference; fileEncoding = 4; lastKnownFileType = sourcecode.c.objc; path = OrderController.m; sourceTree = "<group>"; };
		78B4D57116858FD4005F823E /* logo_corral_descarga.png */ = {isa = PBXFileReference; lastKnownFileType = image.png; path = logo_corral_descarga.png; sourceTree = "<group>"; };
		78B4D57216858FD4005F823E /* bgElCorralContainer.jpg */ = {isa = PBXFileReference; lastKnownFileType = image.jpeg; path = bgElCorralContainer.jpg; sourceTree = "<group>"; };
		78B4D57316858FD4005F823E /* bgMenuItemsPic.png */ = {isa = PBXFileReference; lastKnownFileType = image.png; path = bgMenuItemsPic.png; sourceTree = "<group>"; };
		78B4D57416858FD4005F823E /* burgerCorral.png */ = {isa = PBXFileReference; lastKnownFileType = image.png; path = burgerCorral.png; sourceTree = "<group>"; };
		78B4D57516858FD4005F823E /* background.png */ = {isa = PBXFileReference; lastKnownFileType = image.png; path = background.png; sourceTree = "<group>"; };
		78B4D57616858FD4005F823E /* logo_corral_descarga.jpg */ = {isa = PBXFileReference; lastKnownFileType = image.jpeg; path = logo_corral_descarga.jpg; sourceTree = "<group>"; };
		78B4D57716858FD4005F823E /* sideordersPapas1.png */ = {isa = PBXFileReference; lastKnownFileType = image.png; path = sideordersPapas1.png; sourceTree = "<group>"; };
		78B4D57F16859C6C005F823E /* AddItemController.h */ = {isa = PBXFileReference; fileEncoding = 4; lastKnownFileType = sourcecode.c.h; path = AddItemController.h; sourceTree = "<group>"; };
		78B4D58016859C6C005F823E /* AddItemController.m */ = {isa = PBXFileReference; fileEncoding = 4; lastKnownFileType = sourcecode.c.objc; path = AddItemController.m; sourceTree = "<group>"; };
/* End PBXFileReference section */

/* Begin PBXFrameworksBuildPhase section */
		78B4D530168577C0005F823E /* Frameworks */ = {
			isa = PBXFrameworksBuildPhase;
			buildActionMask = 2147483647;
			files = (
				78B4D538168577C0005F823E /* UIKit.framework in Frameworks */,
				78B4D53A168577C0005F823E /* Foundation.framework in Frameworks */,
				78B4D53C168577C0005F823E /* CoreGraphics.framework in Frameworks */,
			);
			runOnlyForDeploymentPostprocessing = 0;
		};
/* End PBXFrameworksBuildPhase section */

/* Begin PBXGroup section */
		78B4D528168577C0005F823E = {
			isa = PBXGroup;
			children = (
				78B4D53D168577C0005F823E /* corral1 */,
				78B4D536168577C0005F823E /* Frameworks */,
				78B4D534168577C0005F823E /* Products */,
			);
			sourceTree = "<group>";
		};
		78B4D534168577C0005F823E /* Products */ = {
			isa = PBXGroup;
			children = (
				78B4D533168577C0005F823E /* corral1.app */,
			);
			name = Products;
			sourceTree = "<group>";
		};
		78B4D536168577C0005F823E /* Frameworks */ = {
			isa = PBXGroup;
			children = (
				78B4D537168577C0005F823E /* UIKit.framework */,
				78B4D539168577C0005F823E /* Foundation.framework */,
				78B4D53B168577C0005F823E /* CoreGraphics.framework */,
			);
			name = Frameworks;
			sourceTree = "<group>";
		};
		78B4D53D168577C0005F823E /* corral1 */ = {
			isa = PBXGroup;
			children = (
				78B4D546168577C0005F823E /* AppDelegate.h */,
				78B4D547168577C0005F823E /* AppDelegate.m */,
				78B4D54F168577C0005F823E /* MainStoryboard_iPhone.storyboard */,
				78B4D552168577C0005F823E /* MainStoryboard_iPad.storyboard */,
				78B4D57F16859C6C005F823E /* AddItemController.h */,
				78B4D58016859C6C005F823E /* AddItemController.m */,
				78B4D555168577C0005F823E /* MasterViewController.h */,
				78B4D556168577C0005F823E /* MasterViewController.m */,
				78B4D558168577C0005F823E /* DetailViewController.h */,
				78B4D559168577C0005F823E /* DetailViewController.m */,
				78B4D56716857A0A005F823E /* Burger.h */,
				78B4D56816857A0A005F823E /* Burger.m */,
				78B4D56A16857C0E005F823E /* OrderController.h */,
				78B4D56B16857C0E005F823E /* OrderController.m */,
				78B4D53E168577C0005F823E /* Supporting Files */,
			);
			path = corral1;
			sourceTree = "<group>";
		};
		78B4D53E168577C0005F823E /* Supporting Files */ = {
			isa = PBXGroup;
			children = (
				78B4D57116858FD4005F823E /* logo_corral_descarga.png */,
				78B4D57216858FD4005F823E /* bgElCorralContainer.jpg */,
				78B4D57316858FD4005F823E /* bgMenuItemsPic.png */,
				78B4D57416858FD4005F823E /* burgerCorral.png */,
				78B4D57516858FD4005F823E /* background.png */,
				78B4D57616858FD4005F823E /* logo_corral_descarga.jpg */,
				78B4D57716858FD4005F823E /* sideordersPapas1.png */,
				78B4D53F168577C0005F823E /* corral1-Info.plist */,
				78B4D540168577C0005F823E /* InfoPlist.strings */,
				78B4D543168577C0005F823E /* main.m */,
				78B4D545168577C0005F823E /* corral1-Prefix.pch */,
				78B4D549168577C0005F823E /* Default.png */,
				78B4D54B168577C0005F823E /* Default@2x.png */,
				78B4D54D168577C0005F823E /* Default-568h@2x.png */,
			);
			name = "Supporting Files";
			sourceTree = "<group>";
		};
/* End PBXGroup section */

/* Begin PBXNativeTarget section */
		78B4D532168577C0005F823E /* corral1 */ = {
			isa = PBXNativeTarget;
			buildConfigurationList = 78B4D55D168577C0005F823E /* Build configuration list for PBXNativeTarget "corral1" */;
			buildPhases = (
				78B4D52F168577C0005F823E /* Sources */,
				78B4D530168577C0005F823E /* Frameworks */,
				78B4D531168577C0005F823E /* Resources */,
			);
			buildRules = (
			);
			dependencies = (
			);
			name = corral1;
			productName = corral1;
			productReference = 78B4D533168577C0005F823E /* corral1.app */;
			productType = "com.apple.product-type.application";
		};
/* End PBXNativeTarget section */

/* Begin PBXProject section */
		78B4D52A168577C0005F823E /* Project object */ = {
			isa = PBXProject;
			attributes = {
				LastUpgradeCheck = 0450;
				ORGANIZATIONNAME = yummy;
			};
			buildConfigurationList = 78B4D52D168577C0005F823E /* Build configuration list for PBXProject "corral1" */;
			compatibilityVersion = "Xcode 3.2";
			developmentRegion = English;
			hasScannedForEncodings = 0;
			knownRegions = (
				en,
			);
			mainGroup = 78B4D528168577C0005F823E;
			productRefGroup = 78B4D534168577C0005F823E /* Products */;
			projectDirPath = "";
			projectRoot = "";
			targets = (
				78B4D532168577C0005F823E /* corral1 */,
			);
		};
/* End PBXProject section */

/* Begin PBXResourcesBuildPhase section */
		78B4D531168577C0005F823E /* Resources */ = {
			isa = PBXResourcesBuildPhase;
			buildActionMask = 2147483647;
			files = (
				78B4D542168577C0005F823E /* InfoPlist.strings in Resources */,
				78B4D54A168577C0005F823E /* Default.png in Resources */,
				78B4D54C168577C0005F823E /* Default@2x.png in Resources */,
				78B4D54E168577C0005F823E /* Default-568h@2x.png in Resources */,
				78B4D551168577C0005F823E /* MainStoryboard_iPhone.storyboard in Resources */,
				78B4D554168577C0005F823E /* MainStoryboard_iPad.storyboard in Resources */,
				78B4D57816858FD4005F823E /* logo_corral_descarga.png in Resources */,
				78B4D57916858FD4005F823E /* bgElCorralContainer.jpg in Resources */,
				78B4D57A16858FD4005F823E /* bgMenuItemsPic.png in Resources */,
				78B4D57B16858FD4005F823E /* burgerCorral.png in Resources */,
				78B4D57C16858FD4005F823E /* background.png in Resources */,
				78B4D57D16858FD4005F823E /* logo_corral_descarga.jpg in Resources */,
				78B4D57E16858FD4005F823E /* sideordersPapas1.png in Resources */,
			);
			runOnlyForDeploymentPostprocessing = 0;
		};
/* End PBXResourcesBuildPhase section */

/* Begin PBXSourcesBuildPhase section */
		78B4D52F168577C0005F823E /* Sources */ = {
			isa = PBXSourcesBuildPhase;
			buildActionMask = 2147483647;
			files = (
				78B4D544168577C0005F823E /* main.m in Sources */,
				78B4D548168577C0005F823E /* AppDelegate.m in Sources */,
				78B4D557168577C0005F823E /* MasterViewController.m in Sources */,
				78B4D55A168577C0005F823E /* DetailViewController.m in Sources */,
				78B4D56916857A0A005F823E /* Burger.m in Sources */,
				78B4D56C16857C0E005F823E /* OrderController.m in Sources */,
				78B4D58116859C6C005F823E /* AddItemController.m in Sources */,
			);
			runOnlyForDeploymentPostprocessing = 0;
		};
/* End PBXSourcesBuildPhase section */

/* Begin PBXVariantGroup section */
		78B4D540168577C0005F823E /* InfoPlist.strings */ = {
			isa = PBXVariantGroup;
			children = (
				78B4D541168577C0005F823E /* en */,
			);
			name = InfoPlist.strings;
			sourceTree = "<group>";
		};
		78B4D54F168577C0005F823E /* MainStoryboard_iPhone.storyboard */ = {
			isa = PBXVariantGroup;
			children = (
				78B4D550168577C0005F823E /* en */,
			);
			name = MainStoryboard_iPhone.storyboard;
			sourceTree = "<group>";
		};
		78B4D552168577C0005F823E /* MainStoryboard_iPad.storyboard */ = {
			isa = PBXVariantGroup;
			children = (
				78B4D553168577C0005F823E /* en */,
			);
			name = MainStoryboard_iPad.storyboard;
			sourceTree = "<group>";
		};
/* End PBXVariantGroup section */

/* Begin XCBuildConfiguration section */
		78B4D55B168577C0005F823E /* Debug */ = {
			isa = XCBuildConfiguration;
			buildSettings = {
				ALWAYS_SEARCH_USER_PATHS = NO;
				CLANG_CXX_LANGUAGE_STANDARD = "gnu++0x";
				CLANG_CXX_LIBRARY = "libc++";
				CLANG_ENABLE_OBJC_ARC = YES;
				CLANG_WARN_EMPTY_BODY = YES;
				CLANG_WARN__DUPLICATE_METHOD_MATCH = YES;
				"CODE_SIGN_IDENTITY[sdk=iphoneos*]" = "iPhone Developer";
				COPY_PHASE_STRIP = NO;
				GCC_C_LANGUAGE_STANDARD = gnu99;
				GCC_DYNAMIC_NO_PIC = NO;
				GCC_OPTIMIZATION_LEVEL = 0;
				GCC_PREPROCESSOR_DEFINITIONS = (
					"DEBUG=1",
					"$(inherited)",
				);
				GCC_SYMBOLS_PRIVATE_EXTERN = NO;
				GCC_WARN_ABOUT_RETURN_TYPE = YES;
				GCC_WARN_UNINITIALIZED_AUTOS = YES;
				GCC_WARN_UNUSED_VARIABLE = YES;
				IPHONEOS_DEPLOYMENT_TARGET = 6.0;
				ONLY_ACTIVE_ARCH = YES;
				SDKROOT = iphoneos;
				TARGETED_DEVICE_FAMILY = "1,2";
			};
			name = Debug;
		};
		78B4D55C168577C0005F823E /* Release */ = {
			isa = XCBuildConfiguration;
			buildSettings = {
				ALWAYS_SEARCH_USER_PATHS = NO;
				CLANG_CXX_LANGUAGE_STANDARD = "gnu++0x";
				CLANG_CXX_LIBRARY = "libc++";
				CLANG_ENABLE_OBJC_ARC = YES;
				CLANG_WARN_EMPTY_BODY = YES;
				CLANG_WARN__DUPLICATE_METHOD_MATCH = YES;
				"CODE_SIGN_IDENTITY[sdk=iphoneos*]" = "iPhone Developer";
				COPY_PHASE_STRIP = YES;
				GCC_C_LANGUAGE_STANDARD = gnu99;
				GCC_WARN_ABOUT_RETURN_TYPE = YES;
				GCC_WARN_UNINITIALIZED_AUTOS = YES;
				GCC_WARN_UNUSED_VARIABLE = YES;
				IPHONEOS_DEPLOYMENT_TARGET = 6.0;
				OTHER_CFLAGS = "-DNS_BLOCK_ASSERTIONS=1";
				SDKROOT = iphoneos;
				TARGETED_DEVICE_FAMILY = "1,2";
				VALIDATE_PRODUCT = YES;
			};
			name = Release;
		};
		78B4D55E168577C0005F823E /* Debug */ = {
			isa = XCBuildConfiguration;
			buildSettings = {
				GCC_PRECOMPILE_PREFIX_HEADER = YES;
				GCC_PREFIX_HEADER = "corral1/corral1-Prefix.pch";
				INFOPLIST_FILE = "corral1/corral1-Info.plist";
				PRODUCT_NAME = "$(TARGET_NAME)";
				WRAPPER_EXTENSION = app;
			};
			name = Debug;
		};
		78B4D55F168577C0005F823E /* Release */ = {
			isa = XCBuildConfiguration;
			buildSettings = {
				GCC_PRECOMPILE_PREFIX_HEADER = YES;
				GCC_PREFIX_HEADER = "corral1/corral1-Prefix.pch";
				INFOPLIST_FILE = "corral1/corral1-Info.plist";
				PRODUCT_NAME = "$(TARGET_NAME)";
				WRAPPER_EXTENSION = app;
			};
			name = Release;
		};
/* End XCBuildConfiguration section */

/* Begin XCConfigurationList section */
		78B4D52D168577C0005F823E /* Build configuration list for PBXProject "corral1" */ = {
			isa = XCConfigurationList;
			buildConfigurations = (
				78B4D55B168577C0005F823E /* Debug */,
				78B4D55C168577C0005F823E /* Release */,
			);
			defaultConfigurationIsVisible = 0;
			defaultConfigurationName = Release;
		};
		78B4D55D168577C0005F823E /* Build configuration list for PBXNativeTarget "corral1" */ = {
			isa = XCConfigurationList;
			buildConfigurations = (
				78B4D55E168577C0005F823E /* Debug */,
				78B4D55F168577C0005F823E /* Release */,
			);
			defaultConfigurationIsVisible = 0;
		};
/* End XCConfigurationList section */
	};
	rootObject = 78B4D52A168577C0005F823E /* Project object */;
}
